# This file was autogenerated by Stack.
# You should not edit this file by hand.
# For more information, please see the documentation at:
#   https://docs.haskellstack.org/en/stable/lock_files

packages:
- completed:
    cabal-file:
      size: 47274
      sha256: 3a341457d880b785b58b092e48d0610c93d055537d6934a0adc3f587e6d53298
    name: purescript
    version: 0.13.2
    git: https://github.com/purescript/purescript
    pantry-tree:
      size: 77409
      sha256: c8413eb41ffbbaed3c56c104ca1babb884b7fd963862d5230cafe2b8f52f91c4
    commit: 44397e5107dad601a52e0888a24993bec33e8fc0
  original:
    git: https://github.com/purescript/purescript
    commit: 44397e5107dad601a52e0888a24993bec33e8fc0
- completed:
    cabal-file:
      size: 2423
      sha256: eff39790d968e623739404f0d92458cbd7e173ae3b930d04c6ed4b7f68a84e1a
    name: spdx
    version: 0.2.2.0
    git: https://github.com/phadej/spdx
    pantry-tree:
      size: 1407
      sha256: 42a94bc3bdfe5dddaa6f6dc2e4b6f9e1b273287b800b3b2946f16ae69b59a5d8
    commit: 4288df6e4b7840eb94d825dcd446b42fef25ef56
  original:
    git: https://github.com/phadej/spdx
    commit: 4288df6e4b7840eb94d825dcd446b42fef25ef56
- completed:
    hackage: network-3.0.1.1@sha256:1a251b790ea98b6f7433f677958f921950780ba6f143d61ba8c0e3f7a9879097,4074
    pantry-tree:
      size: 3296
      sha256: 78e378780c998faaf4e32a16b98880220f502d8ef005f24d7ee0c99fb50636e6
  original:
    hackage: network-3.0.1.1
- completed:
    hackage: aeson-1.3.1.1@sha256:1ab29743b4c4c9be7df57200ed2c8779048adda4cead075944b7b471e93ed4c3,6006
    pantry-tree:
      size: 39767
      sha256: 51b7dee2a814836224eb735f4c70efd29a8c753ae2465e2de0469fc3be1c2ebd
  original:
    hackage: aeson-1.3.1.1@sha256:1ab29743b4c4c9be7df57200ed2c8779048adda4cead075944b7b471e93ed4c3,6006
- completed:
    hackage: language-javascript-0.6.0.13@sha256:06238479380c78a7e0fa19da6576fb1750f44c25235c942fd33af6f3969fef85,3899
    pantry-tree:
      size: 2242
      sha256: 233def9aae1c800a2c2d735ae1223bcdae90be2a23f08b2960c070b594964af5
  original:
    hackage: language-javascript-0.6.0.13@sha256:06238479380c78a7e0fa19da6576fb1750f44c25235c942fd33af6f3969fef85,3899
snapshots:
- completed:
    size: 498167
    url: https://raw.githubusercontent.com/commercialhaskell/stackage-snapshots/master/lts/13/20.yaml
    sha256: cda928d57b257a5f17bcad796843c9daa674fef47d600dbea3aa7b0e49d64a11
  original: lts-13.20
